
Microsoft Visual Studio Solution File, Format Version 12.00
# Visual Studio Version 17
VisualStudioVersion = 17.13.35919.96
MinimumVisualStudioVersion = 10.0.40219.1
Project("{FAE04EC0-301F-11D3-BF4B-00C04F79EFBC}") = "API-PDS", "API-PDS\API-PDS.csproj", "{47125080-A7D3-44B9-971D-03DBDE7EBADB}"
EndProject
Global
	GlobalSection(SolutionConfigurationPlatforms) = preSolution
		Debug|Any CPU = Debug|Any CPU
		Release|Any CPU = Release|Any CPU
	EndGlobalSection
	GlobalSection(ProjectConfigurationPlatforms) = postSolution
		{47125080-A7D3-44B9-971D-03DBDE7EBADB}.Debug|Any CPU.ActiveCfg = Debug|Any CPU
		{47125080-A7D3-44B9-971D-03DBDE7EBADB}.Debug|Any CPU.Build.0 = Debug|Any CPU
		{47125080-A7D3-44B9-971D-03DBDE7EBADB}.Release|Any CPU.ActiveCfg = Release|Any CPU
		{47125080-A7D3-44B9-971D-03DBDE7EBADB}.Release|Any CPU.Build.0 = Release|Any CPU
	EndGlobalSection
	GlobalSection(SolutionProperties) = preSolution
		HideSolutionNode = FALSE
	EndGlobalSection
	GlobalSection(ExtensibilityGlobals) = postSolution
		SolutionGuid = {52D2A7FE-4654-4DD3-AA44-7D1BB311AD9B}
	EndGlobalSection
EndGlobal
